
Microsoft Visual Studio Solution File, Format Version 12.00
# Visual Studio Version 16
VisualStudioVersion = 16.0.32428.217
MinimumVisualStudioVersion = 10.0.40219.1
Project("{FAE04EC0-301F-11D3-BF4B-00C04F79EFBC}") = "EShop", "EShop\EShop.csproj", "{AB08F4F5-BFE9-4815-B03B-EA870D412F86}"
EndProject
Global
	GlobalSection(SolutionConfigurationPlatforms) = preSolution
		Debug|Any CPU = Debug|Any CPU
		Release|Any CPU = Release|Any CPU
	EndGlobalSection
	GlobalSection(ProjectConfigurationPlatforms) = postSolution
		{AB08F4F5-BFE9-4815-B03B-EA870D412F86}.Debug|Any CPU.ActiveCfg = Debug|Any CPU
		{AB08F4F5-BFE9-4815-B03B-EA870D412F86}.Debug|Any CPU.Build.0 = Debug|Any CPU
		{AB08F4F5-BFE9-4815-B03B-EA870D412F86}.Release|Any CPU.ActiveCfg = Release|Any CPU
		{AB08F4F5-BFE9-4815-B03B-EA870D412F86}.Release|Any CPU.Build.0 = Release|Any CPU
	EndGlobalSection
	GlobalSection(SolutionProperties) = preSolution
		HideSolutionNode = FALSE
	EndGlobalSection
	GlobalSection(ExtensibilityGlobals) = postSolution
		SolutionGuid = {0F7D6CAC-32B6-4616-B9EF-C0AA075CC7F1}
	EndGlobalSection
EndGlobal
